
Microsoft Visual Studio Solution File, Format Version 12.00
# Visual Studio 15
VisualStudioVersion = 15.0.28307.438
MinimumVisualStudioVersion = 10.0.40219.1
Project("{2150E333-8FDC-42A3-9474-1A3956D46DE8}") = "Solution Items", "Solution Items", "{60018CD4-6C62-4888-84B8-2C40EA9F4031}"
	ProjectSection(SolutionItems) = preProject
		.travis.yml = .travis.yml
		readme.md = readme.md
	EndProjectSection
EndProject
Project("{FAE04EC0-301F-11D3-BF4B-00C04F79EFBC}") = "UI.Cli", "UI.Cli\UI.Cli.csproj", "{732ED87B-5BA4-4DCA-8D88-757E9BA52D73}"
EndProject
Project("{FAE04EC0-301F-11D3-BF4B-00C04F79EFBC}") = "UI.Win", "UI.Win\UI.Win.csproj", "{8186AD55-F645-4A0A-A7F6-803657F56C94}"
EndProject
Project("{FAE04EC0-301F-11D3-BF4B-00C04F79EFBC}") = "ITGestao", "ITGestao\ITGestao.csproj", "{410099F9-432E-4409-8E51-D47BFA99840C}"
EndProject
Project("{FAE04EC0-301F-11D3-BF4B-00C04F79EFBC}") = "Utils", "Utils\Utils.csproj", "{76471E9E-FC95-4627-A5C7-CD86043D857D}"
EndProject
Project("{FAE04EC0-301F-11D3-BF4B-00C04F79EFBC}") = "Tests", "Tests\Tests.csproj", "{79BBA03C-110A-4405-94CC-8DAB5E4F1073}"
EndProject
Project("{2150E333-8FDC-42A3-9474-1A3956D46DE8}") = "Doc", "Doc", "{68BFBFD3-06BE-466B-BC69-CE23311E7F11}"
EndProject
Project("{2150E333-8FDC-42A3-9474-1A3956D46DE8}") = "Items", "Items", "{58BD006A-D154-441A-9FC6-BC1C8C727C66}"
EndProject
Project("{FAE04EC0-301F-11D3-BF4B-00C04F79EFBC}") = "EquipRede", "Libs\EquipRede\EquipRede.csproj", "{3D1E2595-40E9-4D63-8A28-FC486E2818BF}"
EndProject
Project("{FAE04EC0-301F-11D3-BF4B-00C04F79EFBC}") = "Computador", "Libs\Computador\Computador.csproj", "{F0C54553-A33B-458E-81AB-D953D632A089}"
EndProject
Project("{2150E333-8FDC-42A3-9474-1A3956D46DE8}") = "img", "img", "{1181F1B7-E19D-4507-B70B-54B6EBD7F69E}"
	ProjectSection(SolutionItems) = preProject
		Doc\img\pull_request_testing.png = Doc\img\pull_request_testing.png
	EndProjectSection
EndProject
Global
	GlobalSection(SolutionConfigurationPlatforms) = preSolution
		Debug|Any CPU = Debug|Any CPU
		Release|Any CPU = Release|Any CPU
	EndGlobalSection
	GlobalSection(ProjectConfigurationPlatforms) = postSolution
		{732ED87B-5BA4-4DCA-8D88-757E9BA52D73}.Debug|Any CPU.ActiveCfg = Debug|Any CPU
		{732ED87B-5BA4-4DCA-8D88-757E9BA52D73}.Debug|Any CPU.Build.0 = Debug|Any CPU
		{732ED87B-5BA4-4DCA-8D88-757E9BA52D73}.Release|Any CPU.ActiveCfg = Release|Any CPU
		{732ED87B-5BA4-4DCA-8D88-757E9BA52D73}.Release|Any CPU.Build.0 = Release|Any CPU
		{8186AD55-F645-4A0A-A7F6-803657F56C94}.Debug|Any CPU.ActiveCfg = Debug|Any CPU
		{8186AD55-F645-4A0A-A7F6-803657F56C94}.Release|Any CPU.ActiveCfg = Release|Any CPU
		{8186AD55-F645-4A0A-A7F6-803657F56C94}.Release|Any CPU.Build.0 = Release|Any CPU
		{410099F9-432E-4409-8E51-D47BFA99840C}.Debug|Any CPU.ActiveCfg = Debug|Any CPU
		{410099F9-432E-4409-8E51-D47BFA99840C}.Debug|Any CPU.Build.0 = Debug|Any CPU
		{410099F9-432E-4409-8E51-D47BFA99840C}.Release|Any CPU.ActiveCfg = Release|Any CPU
		{410099F9-432E-4409-8E51-D47BFA99840C}.Release|Any CPU.Build.0 = Release|Any CPU
		{76471E9E-FC95-4627-A5C7-CD86043D857D}.Debug|Any CPU.ActiveCfg = Debug|Any CPU
		{76471E9E-FC95-4627-A5C7-CD86043D857D}.Debug|Any CPU.Build.0 = Debug|Any CPU
		{76471E9E-FC95-4627-A5C7-CD86043D857D}.Release|Any CPU.ActiveCfg = Release|Any CPU
		{76471E9E-FC95-4627-A5C7-CD86043D857D}.Release|Any CPU.Build.0 = Release|Any CPU
		{79BBA03C-110A-4405-94CC-8DAB5E4F1073}.Debug|Any CPU.ActiveCfg = Debug|Any CPU
		{79BBA03C-110A-4405-94CC-8DAB5E4F1073}.Debug|Any CPU.Build.0 = Debug|Any CPU
		{79BBA03C-110A-4405-94CC-8DAB5E4F1073}.Release|Any CPU.ActiveCfg = Release|Any CPU
		{79BBA03C-110A-4405-94CC-8DAB5E4F1073}.Release|Any CPU.Build.0 = Release|Any CPU
		{3D1E2595-40E9-4D63-8A28-FC486E2818BF}.Debug|Any CPU.ActiveCfg = Debug|Any CPU
		{3D1E2595-40E9-4D63-8A28-FC486E2818BF}.Debug|Any CPU.Build.0 = Debug|Any CPU
		{3D1E2595-40E9-4D63-8A28-FC486E2818BF}.Release|Any CPU.ActiveCfg = Release|Any CPU
		{3D1E2595-40E9-4D63-8A28-FC486E2818BF}.Release|Any CPU.Build.0 = Release|Any CPU
		{F0C54553-A33B-458E-81AB-D953D632A089}.Debug|Any CPU.ActiveCfg = Debug|Any CPU
		{F0C54553-A33B-458E-81AB-D953D632A089}.Debug|Any CPU.Build.0 = Debug|Any CPU
		{F0C54553-A33B-458E-81AB-D953D632A089}.Release|Any CPU.ActiveCfg = Release|Any CPU
		{F0C54553-A33B-458E-81AB-D953D632A089}.Release|Any CPU.Build.0 = Release|Any CPU
	EndGlobalSection
	GlobalSection(SolutionProperties) = preSolution
		HideSolutionNode = FALSE
	EndGlobalSection
	GlobalSection(NestedProjects) = preSolution
		{68BFBFD3-06BE-466B-BC69-CE23311E7F11} = {60018CD4-6C62-4888-84B8-2C40EA9F4031}
		{3D1E2595-40E9-4D63-8A28-FC486E2818BF} = {58BD006A-D154-441A-9FC6-BC1C8C727C66}
		{F0C54553-A33B-458E-81AB-D953D632A089} = {58BD006A-D154-441A-9FC6-BC1C8C727C66}
		{1181F1B7-E19D-4507-B70B-54B6EBD7F69E} = {68BFBFD3-06BE-466B-BC69-CE23311E7F11}
	EndGlobalSection
	GlobalSection(ExtensibilityGlobals) = postSolution
		SolutionGuid = {700A25EE-D012-4C9A-AA7D-87626DB64F92}
	EndGlobalSection
EndGlobal
